
Microsoft Visual Studio Solution File, Format Version 12.00
# Visual Studio Version 16
VisualStudioVersion = 16.0.30320.27
MinimumVisualStudioVersion = 10.0.40219.1
Project("{FAE04EC0-301F-11D3-BF4B-00C04F79EFBC}") = "PratoFioritoWeb", "PratoFioritoWeb\PratoFioritoWeb.csproj", "{6156F493-CEE6-43A3-BD16-91877861E394}"
EndProject
Global
	GlobalSection(SolutionConfigurationPlatforms) = preSolution
		Debug|Any CPU = Debug|Any CPU
		Release|Any CPU = Release|Any CPU
	EndGlobalSection
	GlobalSection(ProjectConfigurationPlatforms) = postSolution
		{6156F493-CEE6-43A3-BD16-91877861E394}.Debug|Any CPU.ActiveCfg = Debug|Any CPU
		{6156F493-CEE6-43A3-BD16-91877861E394}.Debug|Any CPU.Build.0 = Debug|Any CPU
		{6156F493-CEE6-43A3-BD16-91877861E394}.Release|Any CPU.ActiveCfg = Release|Any CPU
		{6156F493-CEE6-43A3-BD16-91877861E394}.Release|Any CPU.Build.0 = Release|Any CPU
	EndGlobalSection
	GlobalSection(SolutionProperties) = preSolution
		HideSolutionNode = FALSE
	EndGlobalSection
	GlobalSection(ExtensibilityGlobals) = postSolution
		SolutionGuid = {034585AF-3862-4682-B5AC-6803E06DA9F7}
	EndGlobalSection
EndGlobal
